
Microsoft Visual Studio Solution File, Format Version 12.00
# Visual Studio Version 17
VisualStudioVersion = 17.4.33110.190
MinimumVisualStudioVersion = 10.0.40219.1
Project("{9A19103F-16F7-4668-BE54-9A1E7A4F7556}") = "NxEditor.Core", "NxEditor.Core\NxEditor.Core.csproj", "{716539EA-C221-45FE-B01E-6D5D6521B360}"
EndProject
Project("{9A19103F-16F7-4668-BE54-9A1E7A4F7556}") = "NxEditor", "NxEditor\NxEditor.csproj", "{D2A537EC-1C86-43BE-94BC-D5F325B5D1CE}"
EndProject
Project("{9A19103F-16F7-4668-BE54-9A1E7A4F7556}") = "NxEditor.PluginBase", "NxEditor.PluginBase\src\NxEditor.PluginBase.csproj", "{C44EBFA0-67BD-446A-88C2-0EDA5655249E}"
EndProject
Project("{FAE04EC0-301F-11D3-BF4B-00C04F79EFBC}") = "NxEditor.Launcher", "NxEditor.Launcher\NxEditor.Launcher.csproj", "{EDFE26F2-9B63-4C11-B0DA-4A10186A687E}"
EndProject
Global
	GlobalSection(SolutionConfigurationPlatforms) = preSolution
		Debug|Any CPU = Debug|Any CPU
		Release|Any CPU = Release|Any CPU
	EndGlobalSection
	GlobalSection(ProjectConfigurationPlatforms) = postSolution
		{716539EA-C221-45FE-B01E-6D5D6521B360}.Debug|Any CPU.ActiveCfg = Debug|Any CPU
		{716539EA-C221-45FE-B01E-6D5D6521B360}.Debug|Any CPU.Build.0 = Debug|Any CPU
		{716539EA-C221-45FE-B01E-6D5D6521B360}.Release|Any CPU.ActiveCfg = Release|Any CPU
		{716539EA-C221-45FE-B01E-6D5D6521B360}.Release|Any CPU.Build.0 = Release|Any CPU
		{D2A537EC-1C86-43BE-94BC-D5F325B5D1CE}.Debug|Any CPU.ActiveCfg = Debug|Any CPU
		{D2A537EC-1C86-43BE-94BC-D5F325B5D1CE}.Debug|Any CPU.Build.0 = Debug|Any CPU
		{D2A537EC-1C86-43BE-94BC-D5F325B5D1CE}.Release|Any CPU.ActiveCfg = Release|Any CPU
		{D2A537EC-1C86-43BE-94BC-D5F325B5D1CE}.Release|Any CPU.Build.0 = Release|Any CPU
		{C44EBFA0-67BD-446A-88C2-0EDA5655249E}.Debug|Any CPU.ActiveCfg = Debug|Any CPU
		{C44EBFA0-67BD-446A-88C2-0EDA5655249E}.Debug|Any CPU.Build.0 = Debug|Any CPU
		{C44EBFA0-67BD-446A-88C2-0EDA5655249E}.Release|Any CPU.ActiveCfg = Release|Any CPU
		{C44EBFA0-67BD-446A-88C2-0EDA5655249E}.Release|Any CPU.Build.0 = Release|Any CPU
		{EDFE26F2-9B63-4C11-B0DA-4A10186A687E}.Debug|Any CPU.ActiveCfg = Debug|Any CPU
		{EDFE26F2-9B63-4C11-B0DA-4A10186A687E}.Debug|Any CPU.Build.0 = Debug|Any CPU
		{EDFE26F2-9B63-4C11-B0DA-4A10186A687E}.Release|Any CPU.ActiveCfg = Release|Any CPU
		{EDFE26F2-9B63-4C11-B0DA-4A10186A687E}.Release|Any CPU.Build.0 = Release|Any CPU
	EndGlobalSection
	GlobalSection(SolutionProperties) = preSolution
		HideSolutionNode = FALSE
	EndGlobalSection
	GlobalSection(ExtensibilityGlobals) = postSolution
		SolutionGuid = {7D0AD796-5134-4289-89E8-1F1C207B814D}
	EndGlobalSection
EndGlobal
