
Microsoft Visual Studio Solution File, Format Version 12.00
# Visual Studio Version 17
VisualStudioVersion = 17.4.33110.190
MinimumVisualStudioVersion = 10.0.40219.1
Project("{9A19103F-16F7-4668-BE54-9A1E7A4F7556}") = "UKingEditor.Core", "UKingEditor.Core\UKingEditor.Core.csproj", "{716539EA-C221-45FE-B01E-6D5D6521B360}"
EndProject
Project("{2150E333-8FDC-42A3-9474-1A3956D46DE8}") = "Libraries", "Libraries", "{93FA4B16-80F1-419D-B8C6-327D1C9A97F4}"
EndProject
Project("{9A19103F-16F7-4668-BE54-9A1E7A4F7556}") = "Dock.Avalonia", "..\lib\Avalonia.Dock\src\Dock.Avalonia\Dock.Avalonia.csproj", "{40D65A28-F4E9-4934-AE33-D93638334A72}"
EndProject
Project("{9A19103F-16F7-4668-BE54-9A1E7A4F7556}") = "Dock.Model", "..\lib\Avalonia.Dock\src\Dock.Model\Dock.Model.csproj", "{6EC61090-5FB5-4C8D-800A-0060048A04F5}"
EndProject
Project("{9A19103F-16F7-4668-BE54-9A1E7A4F7556}") = "Dock.Model.Avalonia", "..\lib\Avalonia.Dock\src\Dock.Model.Avalonia\Dock.Model.Avalonia.csproj", "{A2B6645E-D08B-4E45-8337-D799220B5FF0}"
EndProject
Project("{9A19103F-16F7-4668-BE54-9A1E7A4F7556}") = "Dock.Model.Mvvm", "..\lib\Avalonia.Dock\src\Dock.Model.Mvvm\Dock.Model.Mvvm.csproj", "{5E1C9A94-A8A4-4985-8985-416B63CAFED3}"
EndProject
Project("{9A19103F-16F7-4668-BE54-9A1E7A4F7556}") = "Dock.Model.ReactiveUI", "..\lib\Avalonia.Dock\src\Dock.Model.ReactiveUI\Dock.Model.ReactiveUI.csproj", "{75ADF4A2-0967-4ED1-8765-21100E8D09E3}"
EndProject
Project("{9A19103F-16F7-4668-BE54-9A1E7A4F7556}") = "Dock.Serializer", "..\lib\Avalonia.Dock\src\Dock.Serializer\Dock.Serializer.csproj", "{E25BC246-CF7B-4DC9-9EFC-7B93911DDDBB}"
EndProject
Project("{9A19103F-16F7-4668-BE54-9A1E7A4F7556}") = "Avalonia.Generics", "..\lib\Avalonia.Generics\Avalonia.Generics\Avalonia.Generics.csproj", "{572A1596-44A0-43DD-90EF-7EC73816DB45}"
EndProject
Project("{9A19103F-16F7-4668-BE54-9A1E7A4F7556}") = "Avalonia.SettingsFactory", "..\lib\Avalonia.SettingsFactory\Avalonia.SettingsFactory\Avalonia.SettingsFactory.csproj", "{AF9F310D-01FE-418B-A167-839F887A157E}"
EndProject
Project("{9A19103F-16F7-4668-BE54-9A1E7A4F7556}") = "Avalonia.SettingsFactory.Core", "..\lib\Avalonia.SettingsFactory\Avalonia.SettingsFactory.Core\Avalonia.SettingsFactory.Core.csproj", "{E3081395-C883-4A4F-9B90-7F8C731878B7}"
EndProject
Project("{FAE04EC0-301F-11D3-BF4B-00C04F79EFBC}") = "UKingEditor", "UKingEditor\UKingEditor.csproj", "{D2A537EC-1C86-43BE-94BC-D5F325B5D1CE}"
EndProject
Global
	GlobalSection(SolutionConfigurationPlatforms) = preSolution
		Debug|Any CPU = Debug|Any CPU
		Release|Any CPU = Release|Any CPU
	EndGlobalSection
	GlobalSection(ProjectConfigurationPlatforms) = postSolution
		{716539EA-C221-45FE-B01E-6D5D6521B360}.Debug|Any CPU.ActiveCfg = Debug|Any CPU
		{716539EA-C221-45FE-B01E-6D5D6521B360}.Debug|Any CPU.Build.0 = Debug|Any CPU
		{716539EA-C221-45FE-B01E-6D5D6521B360}.Release|Any CPU.ActiveCfg = Release|Any CPU
		{716539EA-C221-45FE-B01E-6D5D6521B360}.Release|Any CPU.Build.0 = Release|Any CPU
		{40D65A28-F4E9-4934-AE33-D93638334A72}.Debug|Any CPU.ActiveCfg = Debug|Any CPU
		{40D65A28-F4E9-4934-AE33-D93638334A72}.Debug|Any CPU.Build.0 = Debug|Any CPU
		{40D65A28-F4E9-4934-AE33-D93638334A72}.Release|Any CPU.ActiveCfg = Release|Any CPU
		{40D65A28-F4E9-4934-AE33-D93638334A72}.Release|Any CPU.Build.0 = Release|Any CPU
		{6EC61090-5FB5-4C8D-800A-0060048A04F5}.Debug|Any CPU.ActiveCfg = Debug|Any CPU
		{6EC61090-5FB5-4C8D-800A-0060048A04F5}.Debug|Any CPU.Build.0 = Debug|Any CPU
		{6EC61090-5FB5-4C8D-800A-0060048A04F5}.Release|Any CPU.ActiveCfg = Release|Any CPU
		{6EC61090-5FB5-4C8D-800A-0060048A04F5}.Release|Any CPU.Build.0 = Release|Any CPU
		{A2B6645E-D08B-4E45-8337-D799220B5FF0}.Debug|Any CPU.ActiveCfg = Debug|Any CPU
		{A2B6645E-D08B-4E45-8337-D799220B5FF0}.Debug|Any CPU.Build.0 = Debug|Any CPU
		{A2B6645E-D08B-4E45-8337-D799220B5FF0}.Release|Any CPU.ActiveCfg = Release|Any CPU
		{A2B6645E-D08B-4E45-8337-D799220B5FF0}.Release|Any CPU.Build.0 = Release|Any CPU
		{5E1C9A94-A8A4-4985-8985-416B63CAFED3}.Debug|Any CPU.ActiveCfg = Debug|Any CPU
		{5E1C9A94-A8A4-4985-8985-416B63CAFED3}.Debug|Any CPU.Build.0 = Debug|Any CPU
		{5E1C9A94-A8A4-4985-8985-416B63CAFED3}.Release|Any CPU.ActiveCfg = Release|Any CPU
		{5E1C9A94-A8A4-4985-8985-416B63CAFED3}.Release|Any CPU.Build.0 = Release|Any CPU
		{75ADF4A2-0967-4ED1-8765-21100E8D09E3}.Debug|Any CPU.ActiveCfg = Debug|Any CPU
		{75ADF4A2-0967-4ED1-8765-21100E8D09E3}.Debug|Any CPU.Build.0 = Debug|Any CPU
		{75ADF4A2-0967-4ED1-8765-21100E8D09E3}.Release|Any CPU.ActiveCfg = Release|Any CPU
		{75ADF4A2-0967-4ED1-8765-21100E8D09E3}.Release|Any CPU.Build.0 = Release|Any CPU
		{E25BC246-CF7B-4DC9-9EFC-7B93911DDDBB}.Debug|Any CPU.ActiveCfg = Debug|Any CPU
		{E25BC246-CF7B-4DC9-9EFC-7B93911DDDBB}.Debug|Any CPU.Build.0 = Debug|Any CPU
		{E25BC246-CF7B-4DC9-9EFC-7B93911DDDBB}.Release|Any CPU.ActiveCfg = Release|Any CPU
		{E25BC246-CF7B-4DC9-9EFC-7B93911DDDBB}.Release|Any CPU.Build.0 = Release|Any CPU
		{572A1596-44A0-43DD-90EF-7EC73816DB45}.Debug|Any CPU.ActiveCfg = Debug|Any CPU
		{572A1596-44A0-43DD-90EF-7EC73816DB45}.Debug|Any CPU.Build.0 = Debug|Any CPU
		{572A1596-44A0-43DD-90EF-7EC73816DB45}.Release|Any CPU.ActiveCfg = Release|Any CPU
		{572A1596-44A0-43DD-90EF-7EC73816DB45}.Release|Any CPU.Build.0 = Release|Any CPU
		{AF9F310D-01FE-418B-A167-839F887A157E}.Debug|Any CPU.ActiveCfg = Debug|Any CPU
		{AF9F310D-01FE-418B-A167-839F887A157E}.Debug|Any CPU.Build.0 = Debug|Any CPU
		{AF9F310D-01FE-418B-A167-839F887A157E}.Release|Any CPU.ActiveCfg = Release|Any CPU
		{AF9F310D-01FE-418B-A167-839F887A157E}.Release|Any CPU.Build.0 = Release|Any CPU
		{E3081395-C883-4A4F-9B90-7F8C731878B7}.Debug|Any CPU.ActiveCfg = Debug|Any CPU
		{E3081395-C883-4A4F-9B90-7F8C731878B7}.Debug|Any CPU.Build.0 = Debug|Any CPU
		{E3081395-C883-4A4F-9B90-7F8C731878B7}.Release|Any CPU.ActiveCfg = Release|Any CPU
		{E3081395-C883-4A4F-9B90-7F8C731878B7}.Release|Any CPU.Build.0 = Release|Any CPU
		{D2A537EC-1C86-43BE-94BC-D5F325B5D1CE}.Debug|Any CPU.ActiveCfg = Debug|Any CPU
		{D2A537EC-1C86-43BE-94BC-D5F325B5D1CE}.Debug|Any CPU.Build.0 = Debug|Any CPU
		{D2A537EC-1C86-43BE-94BC-D5F325B5D1CE}.Release|Any CPU.ActiveCfg = Release|Any CPU
		{D2A537EC-1C86-43BE-94BC-D5F325B5D1CE}.Release|Any CPU.Build.0 = Release|Any CPU
	EndGlobalSection
	GlobalSection(SolutionProperties) = preSolution
		HideSolutionNode = FALSE
	EndGlobalSection
	GlobalSection(NestedProjects) = preSolution
		{40D65A28-F4E9-4934-AE33-D93638334A72} = {93FA4B16-80F1-419D-B8C6-327D1C9A97F4}
		{6EC61090-5FB5-4C8D-800A-0060048A04F5} = {93FA4B16-80F1-419D-B8C6-327D1C9A97F4}
		{A2B6645E-D08B-4E45-8337-D799220B5FF0} = {93FA4B16-80F1-419D-B8C6-327D1C9A97F4}
		{5E1C9A94-A8A4-4985-8985-416B63CAFED3} = {93FA4B16-80F1-419D-B8C6-327D1C9A97F4}
		{75ADF4A2-0967-4ED1-8765-21100E8D09E3} = {93FA4B16-80F1-419D-B8C6-327D1C9A97F4}
		{E25BC246-CF7B-4DC9-9EFC-7B93911DDDBB} = {93FA4B16-80F1-419D-B8C6-327D1C9A97F4}
		{572A1596-44A0-43DD-90EF-7EC73816DB45} = {93FA4B16-80F1-419D-B8C6-327D1C9A97F4}
		{AF9F310D-01FE-418B-A167-839F887A157E} = {93FA4B16-80F1-419D-B8C6-327D1C9A97F4}
		{E3081395-C883-4A4F-9B90-7F8C731878B7} = {93FA4B16-80F1-419D-B8C6-327D1C9A97F4}
	EndGlobalSection
	GlobalSection(ExtensibilityGlobals) = postSolution
		SolutionGuid = {7D0AD796-5134-4289-89E8-1F1C207B814D}
	EndGlobalSection
EndGlobal
